<?xml version="1.0" encoding="utf-8"?>
<Project ToolsVersion="4.0" xmlns="http://schemas.microsoft.com/developer/msbuild/2003">
  <ItemGroup>
    <Filter Include="Source Files">
      <UniqueIdentifier>{4FC737F1-C7A5-4376-A066-2A32D752A2FF}</UniqueIdentifier>
      <Extensions>cpp;c;cc;cxx;def;odl;idl;hpj;bat;asm;asmx</Extensions>
    </Filter>
    <Filter Include="Header Files">
      <UniqueIdentifier>{93995380-89BD-4b04-88EB-625FBE52EBFB}</UniqueIdentifier>
      <Extensions>h;hh;hpp;hxx;hm;inl;inc;xsd</Extensions>
    </Filter>
    <Filter Include="Animations">
      <UniqueIdentifier>{7018fb8d-900e-429a-b9c8-57839b49fc38}</UniqueIdentifier>
    </Filter>
  </ItemGroup>
  <ItemGroup>
    <None Include="Dice.ino" />
  </ItemGroup>
  <ItemGroup>
    <ClInclude Include="__vm\.Dice.vsarduino.h">
      <Filter>Header Files</Filter>
    </ClInclude>
    <ClInclude Include="DiceWire.h">
      <Filter>Header Files</Filter>
    </ClInclude>
    <ClInclude Include="LEDAnimation.h">
      <Filter>Header Files</Filter>
    </ClInclude>
    <ClInclude Include="LEDController.h">
      <Filter>Header Files</Filter>
    </ClInclude>
    <ClInclude Include="LEDAnimations.h">
      <Filter>Header Files</Filter>
    </ClInclude>
    <ClInclude Include="LEDAnimationController.h">
      <Filter>Header Files</Filter>
    </ClInclude>
    <ClInclude Include="DiceAccel.h">
      <Filter>Header Files</Filter>
    </ClInclude>
    <ClInclude Include="DiceDebug.h">
      <Filter>Header Files</Filter>
    </ClInclude>
    <ClInclude Include="DiceLED.h">
      <Filter>Header Files</Filter>
    </ClInclude>
    <ClInclude Include="DiceTimer.h">
      <Filter>Header Files</Filter>
    </ClInclude>
    <ClInclude Include="RotatingLEDs.h">
      <Filter>Animations</Filter>
    </ClInclude>
    <ClInclude Include="AccelController.h">
      <Filter>Header Files</Filter>
    </ClInclude>
    <ClInclude Include="MessageQueue.h">
      <Filter>Header Files</Filter>
    </ClInclude>
  </ItemGroup>
  <ItemGroup>
    <ClCompile Include="LEDAnimation.cpp">
      <Filter>Source Files</Filter>
    </ClCompile>
    <ClCompile Include="LEDController.cpp">
      <Filter>Source Files</Filter>
    </ClCompile>
    <ClCompile Include="LEDAnimations.cpp">
      <Filter>Source Files</Filter>
    </ClCompile>
    <ClCompile Include="LEDAnimationController.cpp">
      <Filter>Source Files</Filter>
    </ClCompile>
    <ClCompile Include="DiceAccel.cpp">
      <Filter>Source Files</Filter>
    </ClCompile>
    <ClCompile Include="DiceDebug.cpp">
      <Filter>Source Files</Filter>
    </ClCompile>
    <ClCompile Include="DiceLED.cpp">
      <Filter>Source Files</Filter>
    </ClCompile>
    <ClCompile Include="DiceTimer.cpp">
      <Filter>Source Files</Filter>
    </ClCompile>
    <ClCompile Include="DiceWire.cpp">
      <Filter>Source Files</Filter>
    </ClCompile>
    <ClCompile Include="RotatingLEDs.cpp">
      <Filter>Animations</Filter>
    </ClCompile>
    <ClCompile Include="AccelController.cpp">
      <Filter>Source Files</Filter>
    </ClCompile>
    <ClCompile Include="MessageQueue.cpp">
      <Filter>Source Files</Filter>
    </ClCompile>
  </ItemGroup>
</Project>