<?xml version="1.0" encoding="utf-8"?>
<Project ToolsVersion="4.0" xmlns="http://schemas.microsoft.com/developer/msbuild/2003">
  <ItemGroup>
    <Filter Include="Source Files">
      <UniqueIdentifier>{4FC737F1-C7A5-4376-A066-2A32D752A2FF}</UniqueIdentifier>
      <Extensions>cpp;c;cc;cxx;def;odl;idl;hpj;bat;asm;asmx</Extensions>
    </Filter>
    <Filter Include="Header Files">
      <UniqueIdentifier>{93995380-89BD-4b04-88EB-625FBE52EBFB}</UniqueIdentifier>
      <Extensions>h;hh;hpp;hxx;hm;inl;inc;xsd</Extensions>
    </Filter>
  </ItemGroup>
  <ItemGroup>
    <None Include="Firmware.ino" />
  </ItemGroup>
  <ItemGroup>
    <ClInclude Include="__vm\.Firmware.vsarduino.h">
      <Filter>Header Files</Filter>
    </ClInclude>
    <ClInclude Include="LEDs.h">
      <Filter>Header Files</Filter>
    </ClInclude>
    <ClInclude Include="Adafruit_DotStar.h">
      <Filter>Header Files</Filter>
    </ClInclude>
    <ClInclude Include="Animation.h">
      <Filter>Header Files</Filter>
    </ClInclude>
    <ClInclude Include="AccelController.h">
      <Filter>Header Files</Filter>
    </ClInclude>
    <ClInclude Include="AnimController.h">
      <Filter>Header Files</Filter>
    </ClInclude>
    <ClInclude Include="BluetoothMessage.h">
      <Filter>Header Files</Filter>
    </ClInclude>
    <ClInclude Include="Die.h">
      <Filter>Header Files</Filter>
    </ClInclude>
    <ClInclude Include="Settings.h">
      <Filter>Header Files</Filter>
    </ClInclude>
    <ClInclude Include="Utils.h">
      <Filter>Header Files</Filter>
    </ClInclude>
    <ClInclude Include="Accelerometer.h">
      <Filter>Header Files</Filter>
    </ClInclude>
    <ClInclude Include="APA102LEDs.h">
      <Filter>Header Files</Filter>
    </ClInclude>
    <ClInclude Include="Console.h">
      <Filter>Header Files</Filter>
    </ClInclude>
    <ClInclude Include="I2C.h">
      <Filter>Header Files</Filter>
    </ClInclude>
    <ClInclude Include="Lazarus.h">
      <Filter>Header Files</Filter>
    </ClInclude>
    <ClInclude Include="Timer.h">
      <Filter>Header Files</Filter>
    </ClInclude>
    <ClInclude Include="HWTesting.h">
      <Filter>Header Files</Filter>
    </ClInclude>
    <ClInclude Include="Debug.h">
      <Filter>Header Files</Filter>
    </ClInclude>
    <ClInclude Include="Telemetry.h">
      <Filter>Header Files</Filter>
    </ClInclude>
    <ClInclude Include="Queue.h">
      <Filter>Header Files</Filter>
    </ClInclude>
    <ClInclude Include="RingBuffer.h">
      <Filter>Header Files</Filter>
    </ClInclude>
    <ClInclude Include="JerkMonitor.h">
      <Filter>Header Files</Filter>
    </ClInclude>
    <ClInclude Include="EstimatorOnFace.h">
      <Filter>Header Files</Filter>
    </ClInclude>
    <ClInclude Include="IStateEstimator.h">
      <Filter>Header Files</Filter>
    </ClInclude>
    <ClInclude Include="float3.h">
      <Filter>Header Files</Filter>
    </ClInclude>
    <ClInclude Include="AnimationSet.h">
      <Filter>Header Files</Filter>
    </ClInclude>
    <ClInclude Include="BulkDataTransfer.h">
      <Filter>Header Files</Filter>
    </ClInclude>
  </ItemGroup>
  <ItemGroup>
    <ClCompile Include="Adafruit_DotStar.cpp">
      <Filter>Source Files</Filter>
    </ClCompile>
    <ClCompile Include="AccelController.cpp">
      <Filter>Source Files</Filter>
    </ClCompile>
    <ClCompile Include="Accelerometer.cpp">
      <Filter>Source Files</Filter>
    </ClCompile>
    <ClCompile Include="Animation.cpp">
      <Filter>Source Files</Filter>
    </ClCompile>
    <ClCompile Include="AnimController.cpp">
      <Filter>Source Files</Filter>
    </ClCompile>
    <ClCompile Include="Console.cpp">
      <Filter>Source Files</Filter>
    </ClCompile>
    <ClCompile Include="Die.cpp">
      <Filter>Source Files</Filter>
    </ClCompile>
    <ClCompile Include="I2C.cpp">
      <Filter>Source Files</Filter>
    </ClCompile>
    <ClCompile Include="Lazarus.cpp">
      <Filter>Source Files</Filter>
    </ClCompile>
    <ClCompile Include="LEDs.cpp">
      <Filter>Source Files</Filter>
    </ClCompile>
    <ClCompile Include="Settings.cpp">
      <Filter>Source Files</Filter>
    </ClCompile>
    <ClCompile Include="Timer.cpp">
      <Filter>Source Files</Filter>
    </ClCompile>
    <ClCompile Include="Utils.cpp">
      <Filter>Source Files</Filter>
    </ClCompile>
    <ClCompile Include="APA102LEDs.cpp">
      <Filter>Source Files</Filter>
    </ClCompile>
    <ClCompile Include="HWTesting.cpp">
      <Filter>Source Files</Filter>
    </ClCompile>
    <ClCompile Include="Telemetry.cpp">
      <Filter>Source Files</Filter>
    </ClCompile>
    <ClCompile Include="JerkMonitor.cpp">
      <Filter>Source Files</Filter>
    </ClCompile>
    <ClCompile Include="EstimatorOnFace.cpp">
      <Filter>Source Files</Filter>
    </ClCompile>
    <ClCompile Include="AnimationSet.cpp">
      <Filter>Source Files</Filter>
    </ClCompile>
    <ClCompile Include="BulkDataTransfer.cpp">
      <Filter>Source Files</Filter>
    </ClCompile>
    <ClCompile Include="BluetoothMessage.cpp">
      <Filter>Source Files</Filter>
    </ClCompile>
  </ItemGroup>
</Project>